#MicroXplorer Configuration settings - do not modify
Mcu.Family=STM32F4
ProjectManager.MainLocation=Core/Src
Dma.SPI1_TX.0.MemInc=DMA_MINC_ENABLE
Dma.SPI1_TX.0.PeriphInc=DMA_PINC_DISABLE
RCC.CortexFreq_Value=100000000
Dma.ADC1.1.MemDataAlignment=DMA_MDATAALIGN_HALFWORD
ProjectManager.KeepUserCode=true
Mcu.UserName=STM32F411CEUx
SPI1.VirtualType=VM_MASTER
ADC1.ContinuousConvMode=ENABLE
SH.ADCx_IN2.0=ADC1_IN2,IN2
RCC.PLLCLKFreq_Value=100000000
RCC.PLLQCLKFreq_Value=50000000
ProjectManager.functionlistsort=1-MX_GPIO_Init-GPIO-false-HAL-true,2-MX_DMA_Init-DMA-false-HAL-true,3-SystemClock_Config-RCC-false-HAL-false,4-MX_SPI1_Init-SPI1-false-HAL-true,5-MX_TIM2_Init-TIM2-false-HAL-true,6-MX_ADC1_Init-ADC1-false-HAL-true,7-MX_TIM4_Init-TIM4-false-HAL-true,8-MX_TIM3_Init-TIM3-false-HAL-true
RCC.RTCFreq_Value=32000
TIM2.EncoderMode=TIM_ENCODERMODE_TI12
PinOutPanel.RotationAngle=0
RCC.SYSCLKSource=RCC_SYSCLKSOURCE_PLLCLK
ProjectManager.StackSize=0x400
SH.GPXTI2.0=GPIO_EXTI2
Mcu.IP4=SPI1
RCC.FCLKCortexFreq_Value=100000000
Mcu.IP5=SYS
Mcu.IP2=NVIC
NVIC.SVCall_IRQn=true\:0\:0\:false\:false\:true\:false\:false
Mcu.IP3=RCC
Mcu.IP0=ADC1
Mcu.IP1=DMA
Mcu.UserConstants=
PH0\ -\ OSC_IN.Signal=RCC_OSC_IN
Dma.ADC1.1.Instance=DMA2_Stream0
Mcu.ThirdPartyNb=0
SPI1.Direction=SPI_DIRECTION_2LINES
RCC.HCLKFreq_Value=100000000
Mcu.IPNb=9
RCC.I2SClocksFreq_Value=150000000
TIM2.IPParameters=EncoderMode,Period
ProjectManager.PreviousToolchain=
RCC.APB2TimFreq_Value=100000000
TIM3.Period=20000
RCC.VcooutputI2S=150000000
ADC1.Channel-2\#ChannelRegularConversion=ADC_CHANNEL_2
Dma.ADC1.1.PeriphDataAlignment=DMA_PDATAALIGN_HALFWORD
SPI1.CalculateBaudRate=50.0 MBits/s
Mcu.Pin6=PA6
NVIC.DMA2_Stream0_IRQn=true\:0\:0\:false\:false\:true\:false\:true
Mcu.Pin7=PA7
Mcu.Pin8=PB0
Mcu.Pin9=PB1
RCC.AHBFreq_Value=100000000
Mcu.Pin0=PH0 - OSC_IN
Mcu.Pin1=PH1 - OSC_OUT
TIM3.Channel-PWM\ Generation1\ CH1=TIM_CHANNEL_1
GPIO.groupedBy=Group By Peripherals
Mcu.Pin2=PA0-WKUP
Mcu.Pin3=PA1
Mcu.Pin4=PA2
Mcu.Pin5=PA5
ProjectManager.ProjectBuild=false
RCC.HSE_VALUE=25000000
NVIC.UsageFault_IRQn=true\:0\:0\:false\:false\:true\:false\:false
NVIC.DebugMonitor_IRQn=true\:0\:0\:false\:false\:true\:false\:false
PB2.Signal=GPXTI2
NVIC.SysTick_IRQn=true\:0\:0\:false\:false\:true\:false\:true
ProjectManager.FirmwarePackage=STM32Cube FW_F4 V1.26.2
MxDb.Version=DB.6.0.21
ADC1.Rank-2\#ChannelRegularConversion=1
ProjectManager.BackupPrevious=false
RCC.VCOInputFreq_Value=2083333.3333333333
Dma.ADC1.1.RequestParameters=Instance,Direction,PeriphInc,MemInc,PeriphDataAlignment,MemDataAlignment,Mode,Priority,FIFOMode
PA14.Mode=Serial_Wire
TIM3.Prescaler=99
NVIC.TIM2_IRQn=true\:0\:0\:false\:false\:true\:true\:true
File.Version=6
Dma.ADC1.1.Priority=DMA_PRIORITY_LOW
Dma.ADC1.1.Mode=DMA_NORMAL
NVIC.PendSV_IRQn=true\:0\:0\:false\:false\:true\:false\:false
SH.S_TIM3_CH1.0=TIM3_CH1,PWM Generation1 CH1
TIM4.Period=5000
Dma.RequestsNb=2
ProjectManager.HalAssertFull=false
PB0.Locked=true
PB2.GPIO_PuPd=GPIO_NOPULL
ProjectManager.ProjectName=Soldering_Plate
Dma.SPI1_TX.0.Mode=DMA_NORMAL
Mcu.Package=UFQFPN48
PA6.Signal=S_TIM3_CH1
PB1.Signal=GPIO_Output
Dma.ADC1.1.Direction=DMA_PERIPH_TO_MEMORY
ProjectManager.ToolChainLocation=
RCC.LSI_VALUE=32000
VP_SYS_VS_Systick.Signal=SYS_VS_Systick
Dma.ADC1.1.MemInc=DMA_MINC_ENABLE
NVIC.DMA2_Stream2_IRQn=true\:0\:0\:false\:false\:true\:false\:true
NVIC.EXTI2_IRQn=true\:0\:0\:false\:false\:true\:true\:true
Dma.Request1=ADC1
RCC.APB1TimFreq_Value=100000000
NVIC.BusFault_IRQn=true\:0\:0\:false\:false\:true\:false\:false
Dma.Request0=SPI1_TX
SPI1.BaudRatePrescaler=SPI_BAUDRATEPRESCALER_2
ProjectManager.CustomerFirmwarePackage=
VP_TIM3_VS_ClockSourceINT.Mode=Internal
PA5.Mode=TX_Only_Simplex_Unidirect_Master
RCC.PLLSourceVirtual=RCC_PLLSOURCE_HSE
ProjectManager.ProjectFileName=Soldering_Plate.ioc
PA7.Mode=TX_Only_Simplex_Unidirect_Master
Mcu.PinsNb=17
ProjectManager.NoMain=false
SPI1.IPParameters=VirtualType,Mode,Direction,CalculateBaudRate,BaudRatePrescaler
ADC1.IPParameters=Rank-2\#ChannelRegularConversion,master,Channel-2\#ChannelRegularConversion,SamplingTime-2\#ChannelRegularConversion,NbrOfConversionFlag,ContinuousConvMode,DMAContinuousRequests,NbrOfConversion
PH1\ -\ OSC_OUT.Mode=HSE-External-Oscillator
ProjectManager.DefaultFWLocation=true
ProjectManager.DeletePrevious=true
RCC.APB1CLKDivider=RCC_HCLK_DIV2
PB10.Locked=true
SH.S_TIM2_CH1_ETR.ConfNb=1
ADC1.SamplingTime-2\#ChannelRegularConversion=ADC_SAMPLETIME_3CYCLES
RCC.FamilyName=M
PA0-WKUP.Signal=S_TIM2_CH1_ETR
PA0-WKUP.Locked=true
PA13.Signal=SYS_JTMS-SWDIO
SH.S_TIM2_CH2.0=TIM2_CH2,Encoder_Interface
Dma.SPI1_TX.0.FIFOMode=DMA_FIFOMODE_DISABLE
PH0\ -\ OSC_IN.Mode=HSE-External-Oscillator
Dma.SPI1_TX.0.RequestParameters=Instance,Direction,PeriphInc,MemInc,PeriphDataAlignment,MemDataAlignment,Mode,Priority,FIFOMode
SH.GPXTI2.ConfNb=1
VP_TIM4_VS_ClockSourceINT.Signal=TIM4_VS_ClockSourceINT
ProjectManager.TargetToolchain=STM32CubeIDE
TIM4.IPParameters=Period,Prescaler
Dma.SPI1_TX.0.PeriphDataAlignment=DMA_PDATAALIGN_BYTE
Dma.SPI1_TX.0.Direction=DMA_MEMORY_TO_PERIPH
PB2.GPIOParameters=GPIO_PuPd
SH.S_TIM2_CH2.ConfNb=1
RCC.VCOInputMFreq_Value=1562500
ProjectManager.RegisterCallBack=
VP_TIM3_VS_ClockSourceINT.Signal=TIM3_VS_ClockSourceINT
TIM4.Prescaler=9999
RCC.LSE_VALUE=32768
PA1.Signal=S_TIM2_CH2
PB1.Locked=true
PB10.Signal=GPIO_Output
RCC.VCOI2SOutputFreq_Value=300000000
PA5.Signal=SPI1_SCK
PH1\ -\ OSC_OUT.Signal=RCC_OSC_OUT
board=custom
RCC.VCOOutputFreq_Value=200000000
ProjectManager.LastFirmware=true
Dma.ADC1.1.FIFOMode=DMA_FIFOMODE_DISABLE
RCC.APB2Freq_Value=100000000
MxCube.Version=6.2.1
SPI1.Mode=SPI_MODE_MASTER
SH.ADCx_IN2.ConfNb=1
VP_SYS_VS_Systick.Mode=SysTick
RCC.EthernetFreq_Value=100000000
TIM3.IPParameters=Channel-PWM Generation1 CH1,Prescaler,Period
Dma.SPI1_TX.0.Instance=DMA2_Stream2
NVIC.NonMaskableInt_IRQn=true\:0\:0\:false\:false\:true\:false\:false
Dma.ADC1.1.PeriphInc=DMA_PINC_DISABLE
TIM2.Period=600
ADC1.DMAContinuousRequests=ENABLE
ADC1.NbrOfConversion=1
PA13.Mode=Serial_Wire
ProjectManager.FreePins=false
RCC.IPParameters=48MHZClocksFreq_Value,AHBFreq_Value,APB1CLKDivider,APB1Freq_Value,APB1TimFreq_Value,APB2Freq_Value,APB2TimFreq_Value,CortexFreq_Value,EthernetFreq_Value,FCLKCortexFreq_Value,FamilyName,HCLKFreq_Value,HSE_VALUE,HSI_VALUE,I2SClocksFreq_Value,LSE_VALUE,LSI_VALUE,PLLCLKFreq_Value,PLLM,PLLN,PLLQCLKFreq_Value,PLLSourceVirtual,RTCFreq_Value,RTCHSEDivFreq_Value,SYSCLKFreq_VALUE,SYSCLKSource,VCOI2SOutputFreq_Value,VCOInputFreq_Value,VCOInputMFreq_Value,VCOOutputFreq_Value,VcooutputI2S
ProjectManager.AskForMigrate=true
Mcu.Name=STM32F411C(C-E)Ux
RCC.RTCHSEDivFreq_Value=12500000
PA2.Signal=ADCx_IN2
ProjectManager.UnderRoot=true
PB2.Locked=true
Mcu.IP8=TIM4
Mcu.IP6=TIM2
Mcu.IP7=TIM3
ProjectManager.CoupleFile=false
RCC.48MHZClocksFreq_Value=50000000
RCC.SYSCLKFreq_VALUE=100000000
PA1.Locked=true
ADC1.master=1
NVIC.ForceEnableDMAVector=true
KeepUserPlacement=false
NVIC.MemoryManagement_IRQn=true\:0\:0\:false\:false\:true\:false\:false
ProjectManager.CompilerOptimize=6
SH.S_TIM2_CH1_ETR.0=TIM2_CH1,Encoder_Interface
PA14.Signal=SYS_JTCK-SWCLK
ProjectManager.HeapSize=0x200
Dma.SPI1_TX.0.Priority=DMA_PRIORITY_LOW
Dma.SPI1_TX.0.MemDataAlignment=DMA_MDATAALIGN_BYTE
Mcu.Pin15=VP_TIM3_VS_ClockSourceINT
NVIC.HardFault_IRQn=true\:0\:0\:false\:false\:true\:false\:false
Mcu.Pin16=VP_TIM4_VS_ClockSourceINT
Mcu.Pin13=PA14
Mcu.Pin14=VP_SYS_VS_Systick
SH.S_TIM3_CH1.ConfNb=1
ProjectManager.ComputerToolchain=false
RCC.HSI_VALUE=16000000
VP_TIM4_VS_ClockSourceINT.Mode=Internal
NVIC.PriorityGroup=NVIC_PRIORITYGROUP_4
ADC1.NbrOfConversionFlag=1
Mcu.Pin11=PB10
Mcu.Pin12=PA13
RCC.PLLM=12
RCC.PLLN=96
Mcu.Pin10=PB2
NVIC.TIM4_IRQn=true\:0\:0\:false\:false\:true\:true\:true
RCC.APB1Freq_Value=50000000
PB0.Signal=GPIO_Output
ProjectManager.DeviceId=STM32F411CEUx
ProjectManager.LibraryCopy=1
PA7.Signal=SPI1_MOSI
PA6.Locked=true
isbadioc=false
